// !$*UTF8*$!
{
	archiveVersion = 1;
	classes = {
	};
	objectVersion = 55;
	objects = {

/* Begin PBXBuildFile section */
		55424C5A29F0C59D0063A98D /* ProductDetailsView.swift in Sources */ = {isa = PBXBuildFile; fileRef = 55424C5929F0C59D0063A98D /* ProductDetailsView.swift */; };
		55424C5C29F0CC260063A98D /* FetchedObjects.swift in Sources */ = {isa = PBXBuildFile; fileRef = 55424C5B29F0CC260063A98D /* FetchedObjects.swift */; };
		55424C5F29F0CC530063A98D /* NetworkUtils.swift in Sources */ = {isa = PBXBuildFile; fileRef = 55424C5E29F0CC530063A98D /* NetworkUtils.swift */; };
		55424C6229F0CCB20063A98D /* MenuList.swift in Sources */ = {isa = PBXBuildFile; fileRef = 55424C6129F0CCB20063A98D /* MenuList.swift */; };
		55424C6429F0CCBB0063A98D /* MenuItem.swift in Sources */ = {isa = PBXBuildFile; fileRef = 55424C6329F0CCBB0063A98D /* MenuItem.swift */; };
		55424C6D29F0E0DB0063A98D /* Dish+CoreDataClass.swift in Sources */ = {isa = PBXBuildFile; fileRef = 55424C6B29F0E0DB0063A98D /* Dish+CoreDataClass.swift */; };
		55424C6E29F0E0DB0063A98D /* Dish+CoreDataProperties.swift in Sources */ = {isa = PBXBuildFile; fileRef = 55424C6C29F0E0DB0063A98D /* Dish+CoreDataProperties.swift */; };
		55424C7229F0F0700063A98D /* HomeViewModel.swift in Sources */ = {isa = PBXBuildFile; fileRef = 55424C7129F0F0700063A98D /* HomeViewModel.swift */; };
		55A8AF2E29EF732500B679EF /* LittleLemonUserDefaultsManager.swift in Sources */ = {isa = PBXBuildFile; fileRef = 55A8AF2D29EF732500B679EF /* LittleLemonUserDefaultsManager.swift */; };
		55A8AF3129EF78AF00B679EF /* OnBoardingView.swift in Sources */ = {isa = PBXBuildFile; fileRef = 55A8AF3029EF78AF00B679EF /* OnBoardingView.swift */; };
		55A8AF3629EF7C2800B679EF /* LittleLemonColors.swift in Sources */ = {isa = PBXBuildFile; fileRef = 55A8AF3529EF7C2800B679EF /* LittleLemonColors.swift */; };
		55A8AF3829EF7E4900B679EF /* Localizable.strings in Resources */ = {isa = PBXBuildFile; fileRef = 55A8AF3729EF7E4900B679EF /* Localizable.strings */; };
		55A8AF4229EF851800B679EF /* LittleLemonFonts.swift in Sources */ = {isa = PBXBuildFile; fileRef = 55A8AF4129EF851800B679EF /* LittleLemonFonts.swift */; };
		55A8AF4529EF927000B679EF /* Utils.swift in Sources */ = {isa = PBXBuildFile; fileRef = 55A8AF4429EF927000B679EF /* Utils.swift */; };
		55A8AF4729EF980700B679EF /* Styles.swift in Sources */ = {isa = PBXBuildFile; fileRef = 55A8AF4629EF980700B679EF /* Styles.swift */; };
		55A8AF4E29EF99BA00B679EF /* markazi_text_regular.ttf in Resources */ = {isa = PBXBuildFile; fileRef = 55A8AF4C29EF99B900B679EF /* markazi_text_regular.ttf */; };
		55A8AF4F29EF99BA00B679EF /* karla_regular.ttf in Resources */ = {isa = PBXBuildFile; fileRef = 55A8AF4D29EF99BA00B679EF /* karla_regular.ttf */; };
		55A8AF5129EF9F4E00B679EF /* HomeView.swift in Sources */ = {isa = PBXBuildFile; fileRef = 55A8AF5029EF9F4E00B679EF /* HomeView.swift */; };
		55A8AF5329EFA5AE00B679EF /* ProfileView.swift in Sources */ = {isa = PBXBuildFile; fileRef = 55A8AF5229EFA5AE00B679EF /* ProfileView.swift */; };
		55F4016829EE48F00042AED4 /* LittleLemonApp.swift in Sources */ = {isa = PBXBuildFile; fileRef = 55F4016729EE48F00042AED4 /* LittleLemonApp.swift */; };
		55F4016A29EE48F00042AED4 /* ContentView.swift in Sources */ = {isa = PBXBuildFile; fileRef = 55F4016929EE48F00042AED4 /* ContentView.swift */; };
		55F4016C29EE48F20042AED4 /* Assets.xcassets in Resources */ = {isa = PBXBuildFile; fileRef = 55F4016B29EE48F20042AED4 /* Assets.xcassets */; };
		55F4016F29EE48F20042AED4 /* Preview Assets.xcassets in Resources */ = {isa = PBXBuildFile; fileRef = 55F4016E29EE48F20042AED4 /* Preview Assets.xcassets */; };
		55F4017129EE48F20042AED4 /* Persistence.swift in Sources */ = {isa = PBXBuildFile; fileRef = 55F4017029EE48F20042AED4 /* Persistence.swift */; };
		55F4017429EE48F20042AED4 /* LittleLemon.xcdatamodeld in Sources */ = {isa = PBXBuildFile; fileRef = 55F4017229EE48F20042AED4 /* LittleLemon.xcdatamodeld */; };
/* End PBXBuildFile section */

/* Begin PBXFileReference section */
		55424C5929F0C59D0063A98D /* ProductDetailsView.swift */ = {isa = PBXFileReference; lastKnownFileType = sourcecode.swift; path = ProductDetailsView.swift; sourceTree = "<group>"; };
		55424C5B29F0CC260063A98D /* FetchedObjects.swift */ = {isa = PBXFileReference; fileEncoding = 4; lastKnownFileType = sourcecode.swift; path = FetchedObjects.swift; sourceTree = "<group>"; };
		55424C5E29F0CC530063A98D /* NetworkUtils.swift */ = {isa = PBXFileReference; lastKnownFileType = sourcecode.swift; path = NetworkUtils.swift; sourceTree = "<group>"; };
		55424C6129F0CCB20063A98D /* MenuList.swift */ = {isa = PBXFileReference; lastKnownFileType = sourcecode.swift; path = MenuList.swift; sourceTree = "<group>"; };
		55424C6329F0CCBB0063A98D /* MenuItem.swift */ = {isa = PBXFileReference; lastKnownFileType = sourcecode.swift; path = MenuItem.swift; sourceTree = "<group>"; };
		55424C6B29F0E0DB0063A98D /* Dish+CoreDataClass.swift */ = {isa = PBXFileReference; lastKnownFileType = sourcecode.swift; path = "Dish+CoreDataClass.swift"; sourceTree = "<group>"; };
		55424C6C29F0E0DB0063A98D /* Dish+CoreDataProperties.swift */ = {isa = PBXFileReference; lastKnownFileType = sourcecode.swift; path = "Dish+CoreDataProperties.swift"; sourceTree = "<group>"; };
		55424C7129F0F0700063A98D /* HomeViewModel.swift */ = {isa = PBXFileReference; lastKnownFileType = sourcecode.swift; path = HomeViewModel.swift; sourceTree = "<group>"; };
		55A8AF2D29EF732500B679EF /* LittleLemonUserDefaultsManager.swift */ = {isa = PBXFileReference; lastKnownFileType = sourcecode.swift; path = LittleLemonUserDefaultsManager.swift; sourceTree = "<group>"; };
		55A8AF3029EF78AF00B679EF /* OnBoardingView.swift */ = {isa = PBXFileReference; lastKnownFileType = sourcecode.swift; path = OnBoardingView.swift; sourceTree = "<group>"; };
		55A8AF3529EF7C2800B679EF /* LittleLemonColors.swift */ = {isa = PBXFileReference; lastKnownFileType = sourcecode.swift; path = LittleLemonColors.swift; sourceTree = "<group>"; };
		55A8AF3729EF7E4900B679EF /* Localizable.strings */ = {isa = PBXFileReference; lastKnownFileType = text.plist.strings; path = Localizable.strings; sourceTree = "<group>"; };
		55A8AF4029EF842300B679EF /* Info.plist */ = {isa = PBXFileReference; lastKnownFileType = text.plist; path = Info.plist; sourceTree = "<group>"; };
		55A8AF4129EF851800B679EF /* LittleLemonFonts.swift */ = {isa = PBXFileReference; lastKnownFileType = sourcecode.swift; path = LittleLemonFonts.swift; sourceTree = "<group>"; };
		55A8AF4429EF927000B679EF /* Utils.swift */ = {isa = PBXFileReference; lastKnownFileType = sourcecode.swift; path = Utils.swift; sourceTree = "<group>"; };
		55A8AF4629EF980700B679EF /* Styles.swift */ = {isa = PBXFileReference; lastKnownFileType = sourcecode.swift; path = Styles.swift; sourceTree = "<group>"; };
		55A8AF4C29EF99B900B679EF /* markazi_text_regular.ttf */ = {isa = PBXFileReference; lastKnownFileType = file; path = markazi_text_regular.ttf; sourceTree = "<group>"; };
		55A8AF4D29EF99BA00B679EF /* karla_regular.ttf */ = {isa = PBXFileReference; lastKnownFileType = file; path = karla_regular.ttf; sourceTree = "<group>"; };
		55A8AF5029EF9F4E00B679EF /* HomeView.swift */ = {isa = PBXFileReference; lastKnownFileType = sourcecode.swift; path = HomeView.swift; sourceTree = "<group>"; };
		55A8AF5229EFA5AE00B679EF /* ProfileView.swift */ = {isa = PBXFileReference; lastKnownFileType = sourcecode.swift; path = ProfileView.swift; sourceTree = "<group>"; };
		55F4016429EE48F00042AED4 /* LittleLemon.app */ = {isa = PBXFileReference; explicitFileType = wrapper.application; includeInIndex = 0; path = LittleLemon.app; sourceTree = BUILT_PRODUCTS_DIR; };
		55F4016729EE48F00042AED4 /* LittleLemonApp.swift */ = {isa = PBXFileReference; lastKnownFileType = sourcecode.swift; path = LittleLemonApp.swift; sourceTree = "<group>"; };
		55F4016929EE48F00042AED4 /* ContentView.swift */ = {isa = PBXFileReference; lastKnownFileType = sourcecode.swift; path = ContentView.swift; sourceTree = "<group>"; };
		55F4016B29EE48F20042AED4 /* Assets.xcassets */ = {isa = PBXFileReference; lastKnownFileType = folder.assetcatalog; path = Assets.xcassets; sourceTree = "<group>"; };
		55F4016E29EE48F20042AED4 /* Preview Assets.xcassets */ = {isa = PBXFileReference; lastKnownFileType = folder.assetcatalog; path = "Preview Assets.xcassets"; sourceTree = "<group>"; };
		55F4017029EE48F20042AED4 /* Persistence.swift */ = {isa = PBXFileReference; lastKnownFileType = sourcecode.swift; path = Persistence.swift; sourceTree = "<group>"; };
		55F4017329EE48F20042AED4 /* LittleLemon.xcdatamodel */ = {isa = PBXFileReference; lastKnownFileType = wrapper.xcdatamodel; path = LittleLemon.xcdatamodel; sourceTree = "<group>"; };
/* End PBXFileReference section */

/* Begin PBXFrameworksBuildPhase section */
		55F4016129EE48F00042AED4 /* Frameworks */ = {
			isa = PBXFrameworksBuildPhase;
			buildActionMask = 2147483647;
			files = (
			);
			runOnlyForDeploymentPostprocessing = 0;
		};
/* End PBXFrameworksBuildPhase section */

/* Begin PBXGroup section */
		55424C5D29F0CC430063A98D /* network */ = {
			isa = PBXGroup;
			children = (
				55424C5E29F0CC530063A98D /* NetworkUtils.swift */,
			);
			path = network;
			sourceTree = "<group>";
		};
		55424C6029F0CCA30063A98D /* model */ = {
			isa = PBXGroup;
			children = (
				55424C6129F0CCB20063A98D /* MenuList.swift */,
				55424C6329F0CCBB0063A98D /* MenuItem.swift */,
			);
			path = model;
			sourceTree = "<group>";
		};
		55424C6A29F0E0BD0063A98D /* entity */ = {
			isa = PBXGroup;
			children = (
				55424C6B29F0E0DB0063A98D /* Dish+CoreDataClass.swift */,
				55424C6C29F0E0DB0063A98D /* Dish+CoreDataProperties.swift */,
			);
			path = entity;
			sourceTree = "<group>";
		};
		55A8AF2C29EF72CF00B679EF /* data */ = {
			isa = PBXGroup;
			children = (
				55424C6A29F0E0BD0063A98D /* entity */,
				55424C6029F0CCA30063A98D /* model */,
				55424C5D29F0CC430063A98D /* network */,
				55424C5B29F0CC260063A98D /* FetchedObjects.swift */,
				55A8AF2D29EF732500B679EF /* LittleLemonUserDefaultsManager.swift */,
				55F4017029EE48F20042AED4 /* Persistence.swift */,
				55F4017229EE48F20042AED4 /* LittleLemon.xcdatamodeld */,
			);
			path = data;
			sourceTree = "<group>";
		};
		55A8AF2F29EF789200B679EF /* view */ = {
			isa = PBXGroup;
			children = (
				55F4016929EE48F00042AED4 /* ContentView.swift */,
				55A8AF3029EF78AF00B679EF /* OnBoardingView.swift */,
				55A8AF5029EF9F4E00B679EF /* HomeView.swift */,
				55A8AF5229EFA5AE00B679EF /* ProfileView.swift */,
				55424C5929F0C59D0063A98D /* ProductDetailsView.swift */,
				55424C7129F0F0700063A98D /* HomeViewModel.swift */,
			);
			path = view;
			sourceTree = "<group>";
		};
		55A8AF3429EF7C1100B679EF /* ui */ = {
			isa = PBXGroup;
			children = (
				55A8AF3529EF7C2800B679EF /* LittleLemonColors.swift */,
			);
			path = ui;
			sourceTree = "<group>";
		};
		55A8AF3929EF7FD300B679EF /* res */ = {
			isa = PBXGroup;
			children = (
				55A8AF3B29EF7FE700B679EF /* fonts */,
				55A8AF3A29EF7FDD00B679EF /* strings */,
				55A8AF4629EF980700B679EF /* Styles.swift */,
			);
			path = res;
			sourceTree = "<group>";
		};
		55A8AF3A29EF7FDD00B679EF /* strings */ = {
			isa = PBXGroup;
			children = (
				55A8AF3729EF7E4900B679EF /* Localizable.strings */,
			);
			path = strings;
			sourceTree = "<group>";
		};
		55A8AF3B29EF7FE700B679EF /* fonts */ = {
			isa = PBXGroup;
			children = (
				55A8AF4D29EF99BA00B679EF /* karla_regular.ttf */,
				55A8AF4C29EF99B900B679EF /* markazi_text_regular.ttf */,
				55A8AF4129EF851800B679EF /* LittleLemonFonts.swift */,
			);
			path = fonts;
			sourceTree = "<group>";
		};
		55A8AF4329EF926500B679EF /* utils */ = {
			isa = PBXGroup;
			children = (
				55A8AF4429EF927000B679EF /* Utils.swift */,
			);
			path = utils;
			sourceTree = "<group>";
		};
		55F4015B29EE48F00042AED4 = {
			isa = PBXGroup;
			children = (
				55F4016629EE48F00042AED4 /* LittleLemon */,
				55F4016529EE48F00042AED4 /* Products */,
			);
			sourceTree = "<group>";
		};
		55F4016529EE48F00042AED4 /* Products */ = {
			isa = PBXGroup;
			children = (
				55F4016429EE48F00042AED4 /* LittleLemon.app */,
			);
			name = Products;
			sourceTree = "<group>";
		};
		55F4016629EE48F00042AED4 /* LittleLemon */ = {
			isa = PBXGroup;
			children = (
				55A8AF4329EF926500B679EF /* utils */,
				55A8AF3929EF7FD300B679EF /* res */,
				55A8AF4029EF842300B679EF /* Info.plist */,
				55A8AF3429EF7C1100B679EF /* ui */,
				55A8AF2C29EF72CF00B679EF /* data */,
				55A8AF2F29EF789200B679EF /* view */,
				55F4016729EE48F00042AED4 /* LittleLemonApp.swift */,
				55F4016B29EE48F20042AED4 /* Assets.xcassets */,
				55F4016D29EE48F20042AED4 /* Preview Content */,
			);
			path = LittleLemon;
			sourceTree = "<group>";
		};
		55F4016D29EE48F20042AED4 /* Preview Content */ = {
			isa = PBXGroup;
			children = (
				55F4016E29EE48F20042AED4 /* Preview Assets.xcassets */,
			);
			path = "Preview Content";
			sourceTree = "<group>";
		};
/* End PBXGroup section */

/* Begin PBXNativeTarget section */
		55F4016329EE48F00042AED4 /* LittleLemon */ = {
			isa = PBXNativeTarget;
			buildConfigurationList = 55F4017729EE48F20042AED4 /* Build configuration list for PBXNativeTarget "LittleLemon" */;
			buildPhases = (
				55F4016029EE48F00042AED4 /* Sources */,
				55F4016129EE48F00042AED4 /* Frameworks */,
				55F4016229EE48F00042AED4 /* Resources */,
			);
			buildRules = (
			);
			dependencies = (
			);
			name = LittleLemon;
			productName = LittleLemon;
			productReference = 55F4016429EE48F00042AED4 /* LittleLemon.app */;
			productType = "com.apple.product-type.application";
		};
/* End PBXNativeTarget section */

/* Begin PBXProject section */
		55F4015C29EE48F00042AED4 /* Project object */ = {
			isa = PBXProject;
			attributes = {
				BuildIndependentTargetsInParallel = 1;
				LastSwiftUpdateCheck = 1340;
				LastUpgradeCheck = 1340;
				TargetAttributes = {
					55F4016329EE48F00042AED4 = {
						CreatedOnToolsVersion = 13.4.1;
					};
				};
			};
			buildConfigurationList = 55F4015F29EE48F00042AED4 /* Build configuration list for PBXProject "LittleLemon" */;
			compatibilityVersion = "Xcode 13.0";
			developmentRegion = en;
			hasScannedForEncodings = 0;
			knownRegions = (
				en,
				Base,
			);
			mainGroup = 55F4015B29EE48F00042AED4;
			productRefGroup = 55F4016529EE48F00042AED4 /* Products */;
			projectDirPath = "";
			projectRoot = "";
			targets = (
				55F4016329EE48F00042AED4 /* LittleLemon */,
			);
		};
/* End PBXProject section */

/* Begin PBXResourcesBuildPhase section */
		55F4016229EE48F00042AED4 /* Resources */ = {
			isa = PBXResourcesBuildPhase;
			buildActionMask = 2147483647;
			files = (
				55A8AF4E29EF99BA00B679EF /* markazi_text_regular.ttf in Resources */,
				55F4016F29EE48F20042AED4 /* Preview Assets.xcassets in Resources */,
				55A8AF3829EF7E4900B679EF /* Localizable.strings in Resources */,
				55F4016C29EE48F20042AED4 /* Assets.xcassets in Resources */,
				55A8AF4F29EF99BA00B679EF /* karla_regular.ttf in Resources */,
			);
			runOnlyForDeploymentPostprocessing = 0;
		};
/* End PBXResourcesBuildPhase section */

/* Begin PBXSourcesBuildPhase section */
		55F4016029EE48F00042AED4 /* Sources */ = {
			isa = PBXSourcesBuildPhase;
			buildActionMask = 2147483647;
			files = (
				55424C6429F0CCBB0063A98D /* MenuItem.swift in Sources */,
				55A8AF4729EF980700B679EF /* Styles.swift in Sources */,
				55A8AF4229EF851800B679EF /* LittleLemonFonts.swift in Sources */,
				55A8AF3129EF78AF00B679EF /* OnBoardingView.swift in Sources */,
				55F4017129EE48F20042AED4 /* Persistence.swift in Sources */,
				55A8AF5329EFA5AE00B679EF /* ProfileView.swift in Sources */,
				55F4017429EE48F20042AED4 /* LittleLemon.xcdatamodeld in Sources */,
				55424C6D29F0E0DB0063A98D /* Dish+CoreDataClass.swift in Sources */,
				55A8AF2E29EF732500B679EF /* LittleLemonUserDefaultsManager.swift in Sources */,
				55424C5F29F0CC530063A98D /* NetworkUtils.swift in Sources */,
				55A8AF4529EF927000B679EF /* Utils.swift in Sources */,
				55F4016A29EE48F00042AED4 /* ContentView.swift in Sources */,
				55424C6229F0CCB20063A98D /* MenuList.swift in Sources */,
				55A8AF3629EF7C2800B679EF /* LittleLemonColors.swift in Sources */,
				55424C5A29F0C59D0063A98D /* ProductDetailsView.swift in Sources */,
				55424C7229F0F0700063A98D /* HomeViewModel.swift in Sources */,
				55A8AF5129EF9F4E00B679EF /* HomeView.swift in Sources */,
				55424C5C29F0CC260063A98D /* FetchedObjects.swift in Sources */,
				55F4016829EE48F00042AED4 /* LittleLemonApp.swift in Sources */,
				55424C6E29F0E0DB0063A98D /* Dish+CoreDataProperties.swift in Sources */,
			);
			runOnlyForDeploymentPostprocessing = 0;
		};
/* End PBXSourcesBuildPhase section */

/* Begin XCBuildConfiguration section */
		55F4017529EE48F20042AED4 /* Debug */ = {
			isa = XCBuildConfiguration;
			buildSettings = {
				ALWAYS_SEARCH_USER_PATHS = NO;
				CLANG_ANALYZER_NONNULL = YES;
				CLANG_ANALYZER_NUMBER_OBJECT_CONVERSION = YES_AGGRESSIVE;
				CLANG_CXX_LANGUAGE_STANDARD = "gnu++17";
				CLANG_ENABLE_MODULES = YES;
				CLANG_ENABLE_OBJC_ARC = YES;
				CLANG_ENABLE_OBJC_WEAK = YES;
				CLANG_WARN_BLOCK_CAPTURE_AUTORELEASING = YES;
				CLANG_WARN_BOOL_CONVERSION = YES;
				CLANG_WARN_COMMA = YES;
				CLANG_WARN_CONSTANT_CONVERSION = YES;
				CLANG_WARN_DEPRECATED_OBJC_IMPLEMENTATIONS = YES;
				CLANG_WARN_DIRECT_OBJC_ISA_USAGE = YES_ERROR;
				CLANG_WARN_DOCUMENTATION_COMMENTS = YES;
				CLANG_WARN_EMPTY_BODY = YES;
				CLANG_WARN_ENUM_CONVERSION = YES;
				CLANG_WARN_INFINITE_RECURSION = YES;
				CLANG_WARN_INT_CONVERSION = YES;
				CLANG_WARN_NON_LITERAL_NULL_CONVERSION = YES;
				CLANG_WARN_OBJC_IMPLICIT_RETAIN_SELF = YES;
				CLANG_WARN_OBJC_LITERAL_CONVERSION = YES;
				CLANG_WARN_OBJC_ROOT_CLASS = YES_ERROR;
				CLANG_WARN_QUOTED_INCLUDE_IN_FRAMEWORK_HEADER = YES;
				CLANG_WARN_RANGE_LOOP_ANALYSIS = YES;
				CLANG_WARN_STRICT_PROTOTYPES = YES;
				CLANG_WARN_SUSPICIOUS_MOVE = YES;
				CLANG_WARN_UNGUARDED_AVAILABILITY = YES_AGGRESSIVE;
				CLANG_WARN_UNREACHABLE_CODE = YES;
				CLANG_WARN__DUPLICATE_METHOD_MATCH = YES;
				COPY_PHASE_STRIP = NO;
				DEBUG_INFORMATION_FORMAT = dwarf;
				ENABLE_STRICT_OBJC_MSGSEND = YES;
				ENABLE_TESTABILITY = YES;
				GCC_C_LANGUAGE_STANDARD = gnu11;
				GCC_DYNAMIC_NO_PIC = NO;
				GCC_NO_COMMON_BLOCKS = YES;
				GCC_OPTIMIZATION_LEVEL = 0;
				GCC_PREPROCESSOR_DEFINITIONS = (
					"DEBUG=1",
					"$(inherited)",
				);
				GCC_WARN_64_TO_32_BIT_CONVERSION = YES;
				GCC_WARN_ABOUT_RETURN_TYPE = YES_ERROR;
				GCC_WARN_UNDECLARED_SELECTOR = YES;
				GCC_WARN_UNINITIALIZED_AUTOS = YES_AGGRESSIVE;
				GCC_WARN_UNUSED_FUNCTION = YES;
				GCC_WARN_UNUSED_VARIABLE = YES;
				IPHONEOS_DEPLOYMENT_TARGET = 15.5;
				MTL_ENABLE_DEBUG_INFO = INCLUDE_SOURCE;
				MTL_FAST_MATH = YES;
				ONLY_ACTIVE_ARCH = YES;
				SDKROOT = iphoneos;
				SWIFT_ACTIVE_COMPILATION_CONDITIONS = DEBUG;
				SWIFT_OPTIMIZATION_LEVEL = "-Onone";
			};
			name = Debug;
		};
		55F4017629EE48F20042AED4 /* Release */ = {
			isa = XCBuildConfiguration;
			buildSettings = {
				ALWAYS_SEARCH_USER_PATHS = NO;
				CLANG_ANALYZER_NONNULL = YES;
				CLANG_ANALYZER_NUMBER_OBJECT_CONVERSION = YES_AGGRESSIVE;
				CLANG_CXX_LANGUAGE_STANDARD = "gnu++17";
				CLANG_ENABLE_MODULES = YES;
				CLANG_ENABLE_OBJC_ARC = YES;
				CLANG_ENABLE_OBJC_WEAK = YES;
				CLANG_WARN_BLOCK_CAPTURE_AUTORELEASING = YES;
				CLANG_WARN_BOOL_CONVERSION = YES;
				CLANG_WARN_COMMA = YES;
				CLANG_WARN_CONSTANT_CONVERSION = YES;
				CLANG_WARN_DEPRECATED_OBJC_IMPLEMENTATIONS = YES;
				CLANG_WARN_DIRECT_OBJC_ISA_USAGE = YES_ERROR;
				CLANG_WARN_DOCUMENTATION_COMMENTS = YES;
				CLANG_WARN_EMPTY_BODY = YES;
				CLANG_WARN_ENUM_CONVERSION = YES;
				CLANG_WARN_INFINITE_RECURSION = YES;
				CLANG_WARN_INT_CONVERSION = YES;
				CLANG_WARN_NON_LITERAL_NULL_CONVERSION = YES;
				CLANG_WARN_OBJC_IMPLICIT_RETAIN_SELF = YES;
				CLANG_WARN_OBJC_LITERAL_CONVERSION = YES;
				CLANG_WARN_OBJC_ROOT_CLASS = YES_ERROR;
				CLANG_WARN_QUOTED_INCLUDE_IN_FRAMEWORK_HEADER = YES;
				CLANG_WARN_RANGE_LOOP_ANALYSIS = YES;
				CLANG_WARN_STRICT_PROTOTYPES = YES;
				CLANG_WARN_SUSPICIOUS_MOVE = YES;
				CLANG_WARN_UNGUARDED_AVAILABILITY = YES_AGGRESSIVE;
				CLANG_WARN_UNREACHABLE_CODE = YES;
				CLANG_WARN__DUPLICATE_METHOD_MATCH = YES;
				COPY_PHASE_STRIP = NO;
				DEBUG_INFORMATION_FORMAT = "dwarf-with-dsym";
				ENABLE_NS_ASSERTIONS = NO;
				ENABLE_STRICT_OBJC_MSGSEND = YES;
				GCC_C_LANGUAGE_STANDARD = gnu11;
				GCC_NO_COMMON_BLOCKS = YES;
				GCC_WARN_64_TO_32_BIT_CONVERSION = YES;
				GCC_WARN_ABOUT_RETURN_TYPE = YES_ERROR;
				GCC_WARN_UNDECLARED_SELECTOR = YES;
				GCC_WARN_UNINITIALIZED_AUTOS = YES_AGGRESSIVE;
				GCC_WARN_UNUSED_FUNCTION = YES;
				GCC_WARN_UNUSED_VARIABLE = YES;
				IPHONEOS_DEPLOYMENT_TARGET = 15.5;
				MTL_ENABLE_DEBUG_INFO = NO;
				MTL_FAST_MATH = YES;
				SDKROOT = iphoneos;
				SWIFT_COMPILATION_MODE = wholemodule;
				SWIFT_OPTIMIZATION_LEVEL = "-O";
				VALIDATE_PRODUCT = YES;
			};
			name = Release;
		};
		55F4017829EE48F20042AED4 /* Debug */ = {
			isa = XCBuildConfiguration;
			buildSettings = {
				ASSETCATALOG_COMPILER_APPICON_NAME = AppIcon;
				ASSETCATALOG_COMPILER_GLOBAL_ACCENT_COLOR_NAME = AccentColor;
				ASSETCATALOG_COMPILER_INCLUDE_ALL_APPICON_ASSETS = NO;
				CODE_SIGN_STYLE = Automatic;
				CURRENT_PROJECT_VERSION = 1;
				DEVELOPMENT_ASSET_PATHS = "\"LittleLemon/Preview Content\"";
				DEVELOPMENT_TEAM = 497LHHPLQD;
				ENABLE_PREVIEWS = YES;
				GENERATE_INFOPLIST_FILE = YES;
				INFOPLIST_FILE = LittleLemon/Info.plist;
				INFOPLIST_KEY_UIApplicationSceneManifest_Generation = YES;
				INFOPLIST_KEY_UIApplicationSupportsIndirectInputEvents = YES;
				INFOPLIST_KEY_UILaunchScreen_Generation = YES;
				INFOPLIST_KEY_UISupportedInterfaceOrientations_iPad = "UIInterfaceOrientationPortrait UIInterfaceOrientationPortraitUpsideDown UIInterfaceOrientationLandscapeLeft UIInterfaceOrientationLandscapeRight";
				INFOPLIST_KEY_UISupportedInterfaceOrientations_iPhone = "UIInterfaceOrientationPortrait UIInterfaceOrientationLandscapeLeft UIInterfaceOrientationLandscapeRight";
				LD_RUNPATH_SEARCH_PATHS = (
					"$(inherited)",
					"@executable_path/Frameworks",
				);
				MARKETING_VERSION = 1.0;
				PRODUCT_BUNDLE_IDENTIFIER = com.daveloper.LittleLemon;
				PRODUCT_NAME = "$(TARGET_NAME)";
				SWIFT_EMIT_LOC_STRINGS = YES;
				SWIFT_VERSION = 5.0;
				TARGETED_DEVICE_FAMILY = "1,2";
			};
			name = Debug;
		};
		55F4017929EE48F20042AED4 /* Release */ = {
			isa = XCBuildConfiguration;
			buildSettings = {
				ASSETCATALOG_COMPILER_APPICON_NAME = AppIcon;
				ASSETCATALOG_COMPILER_GLOBAL_ACCENT_COLOR_NAME = AccentColor;
				ASSETCATALOG_COMPILER_INCLUDE_ALL_APPICON_ASSETS = NO;
				CODE_SIGN_STYLE = Automatic;
				CURRENT_PROJECT_VERSION = 1;
				DEVELOPMENT_ASSET_PATHS = "\"LittleLemon/Preview Content\"";
				DEVELOPMENT_TEAM = 497LHHPLQD;
				ENABLE_PREVIEWS = YES;
				GENERATE_INFOPLIST_FILE = YES;
				INFOPLIST_FILE = LittleLemon/Info.plist;
				INFOPLIST_KEY_UIApplicationSceneManifest_Generation = YES;
				INFOPLIST_KEY_UIApplicationSupportsIndirectInputEvents = YES;
				INFOPLIST_KEY_UILaunchScreen_Generation = YES;
				INFOPLIST_KEY_UISupportedInterfaceOrientations_iPad = "UIInterfaceOrientationPortrait UIInterfaceOrientationPortraitUpsideDown UIInterfaceOrientationLandscapeLeft UIInterfaceOrientationLandscapeRight";
				INFOPLIST_KEY_UISupportedInterfaceOrientations_iPhone = "UIInterfaceOrientationPortrait UIInterfaceOrientationLandscapeLeft UIInterfaceOrientationLandscapeRight";
				LD_RUNPATH_SEARCH_PATHS = (
					"$(inherited)",
					"@executable_path/Frameworks",
				);
				MARKETING_VERSION = 1.0;
				PRODUCT_BUNDLE_IDENTIFIER = com.daveloper.LittleLemon;
				PRODUCT_NAME = "$(TARGET_NAME)";
				SWIFT_EMIT_LOC_STRINGS = YES;
				SWIFT_VERSION = 5.0;
				TARGETED_DEVICE_FAMILY = "1,2";
			};
			name = Release;
		};
/* End XCBuildConfiguration section */

/* Begin XCConfigurationList section */
		55F4015F29EE48F00042AED4 /* Build configuration list for PBXProject "LittleLemon" */ = {
			isa = XCConfigurationList;
			buildConfigurations = (
				55F4017529EE48F20042AED4 /* Debug */,
				55F4017629EE48F20042AED4 /* Release */,
			);
			defaultConfigurationIsVisible = 0;
			defaultConfigurationName = Release;
		};
		55F4017729EE48F20042AED4 /* Build configuration list for PBXNativeTarget "LittleLemon" */ = {
			isa = XCConfigurationList;
			buildConfigurations = (
				55F4017829EE48F20042AED4 /* Debug */,
				55F4017929EE48F20042AED4 /* Release */,
			);
			defaultConfigurationIsVisible = 0;
			defaultConfigurationName = Release;
		};
/* End XCConfigurationList section */

/* Begin XCVersionGroup section */
		55F4017229EE48F20042AED4 /* LittleLemon.xcdatamodeld */ = {
			isa = XCVersionGroup;
			children = (
				55F4017329EE48F20042AED4 /* LittleLemon.xcdatamodel */,
			);
			currentVersion = 55F4017329EE48F20042AED4 /* LittleLemon.xcdatamodel */;
			path = LittleLemon.xcdatamodeld;
			sourceTree = "<group>";
			versionGroupType = wrapper.xcdatamodel;
		};
/* End XCVersionGroup section */
	};
	rootObject = 55F4015C29EE48F00042AED4 /* Project object */;
}
